
Microsoft Visual Studio Solution File, Format Version 12.00
# Visual Studio 15
VisualStudioVersion = 15.0.26730.3
MinimumVisualStudioVersion = 10.0.40219.1
Project("{FAE04EC0-301F-11D3-BF4B-00C04F79EFBC}") = "ColorNavigationBarIcon", "ColorNavigationBarIcon\ColorNavigationBarIcon\ColorNavigationBarIcon.csproj", "{5DC7C68D-E09F-4E3D-9EE2-132A2BA7AD27}"
EndProject
Project("{FAE04EC0-301F-11D3-BF4B-00C04F79EFBC}") = "ColorNavigationBarIcon.Droid", "ColorNavigationBarIcon\ColorNavigationBarIcon.Droid\ColorNavigationBarIcon.Droid.csproj", "{986D470C-B23A-4EA0-B080-44FB3F509068}"
EndProject
Project("{FAE04EC0-301F-11D3-BF4B-00C04F79EFBC}") = "ColorNavigationBarIcon.iOS", "ColorNavigationBarIcon\ColorNavigationBarIcon.iOS\ColorNavigationBarIcon.iOS.csproj", "{16837294-348A-4535-9098-DAD88EA57D40}"
EndProject
Global
	GlobalSection(SolutionConfigurationPlatforms) = preSolution
		Ad-Hoc|Any CPU = Ad-Hoc|Any CPU
		Ad-Hoc|iPhone = Ad-Hoc|iPhone
		Ad-Hoc|iPhoneSimulator = Ad-Hoc|iPhoneSimulator
		AppStore|Any CPU = AppStore|Any CPU
		AppStore|iPhone = AppStore|iPhone
		AppStore|iPhoneSimulator = AppStore|iPhoneSimulator
		Debug|Any CPU = Debug|Any CPU
		Debug|iPhone = Debug|iPhone
		Debug|iPhoneSimulator = Debug|iPhoneSimulator
		Release|Any CPU = Release|Any CPU
		Release|iPhone = Release|iPhone
		Release|iPhoneSimulator = Release|iPhoneSimulator
	EndGlobalSection
	GlobalSection(ProjectConfigurationPlatforms) = postSolution
		{5DC7C68D-E09F-4E3D-9EE2-132A2BA7AD27}.Ad-Hoc|Any CPU.ActiveCfg = Release|Any CPU
		{5DC7C68D-E09F-4E3D-9EE2-132A2BA7AD27}.Ad-Hoc|Any CPU.Build.0 = Release|Any CPU
		{5DC7C68D-E09F-4E3D-9EE2-132A2BA7AD27}.Ad-Hoc|iPhone.ActiveCfg = Release|Any CPU
		{5DC7C68D-E09F-4E3D-9EE2-132A2BA7AD27}.Ad-Hoc|iPhone.Build.0 = Release|Any CPU
		{5DC7C68D-E09F-4E3D-9EE2-132A2BA7AD27}.Ad-Hoc|iPhoneSimulator.ActiveCfg = Release|Any CPU
		{5DC7C68D-E09F-4E3D-9EE2-132A2BA7AD27}.Ad-Hoc|iPhoneSimulator.Build.0 = Release|Any CPU
		{5DC7C68D-E09F-4E3D-9EE2-132A2BA7AD27}.AppStore|Any CPU.ActiveCfg = Release|Any CPU
		{5DC7C68D-E09F-4E3D-9EE2-132A2BA7AD27}.AppStore|Any CPU.Build.0 = Release|Any CPU
		{5DC7C68D-E09F-4E3D-9EE2-132A2BA7AD27}.AppStore|iPhone.ActiveCfg = Release|Any CPU
		{5DC7C68D-E09F-4E3D-9EE2-132A2BA7AD27}.AppStore|iPhone.Build.0 = Release|Any CPU
		{5DC7C68D-E09F-4E3D-9EE2-132A2BA7AD27}.AppStore|iPhoneSimulator.ActiveCfg = Release|Any CPU
		{5DC7C68D-E09F-4E3D-9EE2-132A2BA7AD27}.AppStore|iPhoneSimulator.Build.0 = Release|Any CPU
		{5DC7C68D-E09F-4E3D-9EE2-132A2BA7AD27}.Debug|Any CPU.ActiveCfg = Debug|Any CPU
		{5DC7C68D-E09F-4E3D-9EE2-132A2BA7AD27}.Debug|Any CPU.Build.0 = Debug|Any CPU
		{5DC7C68D-E09F-4E3D-9EE2-132A2BA7AD27}.Debug|iPhone.ActiveCfg = Debug|Any CPU
		{5DC7C68D-E09F-4E3D-9EE2-132A2BA7AD27}.Debug|iPhone.Build.0 = Debug|Any CPU
		{5DC7C68D-E09F-4E3D-9EE2-132A2BA7AD27}.Debug|iPhoneSimulator.ActiveCfg = Debug|Any CPU
		{5DC7C68D-E09F-4E3D-9EE2-132A2BA7AD27}.Debug|iPhoneSimulator.Build.0 = Debug|Any CPU
		{5DC7C68D-E09F-4E3D-9EE2-132A2BA7AD27}.Release|Any CPU.ActiveCfg = Release|Any CPU
		{5DC7C68D-E09F-4E3D-9EE2-132A2BA7AD27}.Release|Any CPU.Build.0 = Release|Any CPU
		{5DC7C68D-E09F-4E3D-9EE2-132A2BA7AD27}.Release|iPhone.ActiveCfg = Release|Any CPU
		{5DC7C68D-E09F-4E3D-9EE2-132A2BA7AD27}.Release|iPhone.Build.0 = Release|Any CPU
		{5DC7C68D-E09F-4E3D-9EE2-132A2BA7AD27}.Release|iPhoneSimulator.ActiveCfg = Release|Any CPU
		{5DC7C68D-E09F-4E3D-9EE2-132A2BA7AD27}.Release|iPhoneSimulator.Build.0 = Release|Any CPU
		{986D470C-B23A-4EA0-B080-44FB3F509068}.Ad-Hoc|Any CPU.ActiveCfg = Release|Any CPU
		{986D470C-B23A-4EA0-B080-44FB3F509068}.Ad-Hoc|Any CPU.Build.0 = Release|Any CPU
		{986D470C-B23A-4EA0-B080-44FB3F509068}.Ad-Hoc|Any CPU.Deploy.0 = Release|Any CPU
		{986D470C-B23A-4EA0-B080-44FB3F509068}.Ad-Hoc|iPhone.ActiveCfg = Release|Any CPU
		{986D470C-B23A-4EA0-B080-44FB3F509068}.Ad-Hoc|iPhone.Build.0 = Release|Any CPU
		{986D470C-B23A-4EA0-B080-44FB3F509068}.Ad-Hoc|iPhone.Deploy.0 = Release|Any CPU
		{986D470C-B23A-4EA0-B080-44FB3F509068}.Ad-Hoc|iPhoneSimulator.ActiveCfg = Release|Any CPU
		{986D470C-B23A-4EA0-B080-44FB3F509068}.Ad-Hoc|iPhoneSimulator.Build.0 = Release|Any CPU
		{986D470C-B23A-4EA0-B080-44FB3F509068}.Ad-Hoc|iPhoneSimulator.Deploy.0 = Release|Any CPU
		{986D470C-B23A-4EA0-B080-44FB3F509068}.AppStore|Any CPU.ActiveCfg = Release|Any CPU
		{986D470C-B23A-4EA0-B080-44FB3F509068}.AppStore|Any CPU.Build.0 = Release|Any CPU
		{986D470C-B23A-4EA0-B080-44FB3F509068}.AppStore|Any CPU.Deploy.0 = Release|Any CPU
		{986D470C-B23A-4EA0-B080-44FB3F509068}.AppStore|iPhone.ActiveCfg = Release|Any CPU
		{986D470C-B23A-4EA0-B080-44FB3F509068}.AppStore|iPhone.Build.0 = Release|Any CPU
		{986D470C-B23A-4EA0-B080-44FB3F509068}.AppStore|iPhone.Deploy.0 = Release|Any CPU
		{986D470C-B23A-4EA0-B080-44FB3F509068}.AppStore|iPhoneSimulator.ActiveCfg = Release|Any CPU
		{986D470C-B23A-4EA0-B080-44FB3F509068}.AppStore|iPhoneSimulator.Build.0 = Release|Any CPU
		{986D470C-B23A-4EA0-B080-44FB3F509068}.AppStore|iPhoneSimulator.Deploy.0 = Release|Any CPU
		{986D470C-B23A-4EA0-B080-44FB3F509068}.Debug|Any CPU.ActiveCfg = Debug|Any CPU
		{986D470C-B23A-4EA0-B080-44FB3F509068}.Debug|Any CPU.Build.0 = Debug|Any CPU
		{986D470C-B23A-4EA0-B080-44FB3F509068}.Debug|Any CPU.Deploy.0 = Debug|Any CPU
		{986D470C-B23A-4EA0-B080-44FB3F509068}.Debug|iPhone.ActiveCfg = Debug|Any CPU
		{986D470C-B23A-4EA0-B080-44FB3F509068}.Debug|iPhone.Build.0 = Debug|Any CPU
		{986D470C-B23A-4EA0-B080-44FB3F509068}.Debug|iPhone.Deploy.0 = Debug|Any CPU
		{986D470C-B23A-4EA0-B080-44FB3F509068}.Debug|iPhoneSimulator.ActiveCfg = Debug|Any CPU
		{986D470C-B23A-4EA0-B080-44FB3F509068}.Debug|iPhoneSimulator.Build.0 = Debug|Any CPU
		{986D470C-B23A-4EA0-B080-44FB3F509068}.Debug|iPhoneSimulator.Deploy.0 = Debug|Any CPU
		{986D470C-B23A-4EA0-B080-44FB3F509068}.Release|Any CPU.ActiveCfg = Release|Any CPU
		{986D470C-B23A-4EA0-B080-44FB3F509068}.Release|Any CPU.Build.0 = Release|Any CPU
		{986D470C-B23A-4EA0-B080-44FB3F509068}.Release|Any CPU.Deploy.0 = Release|Any CPU
		{986D470C-B23A-4EA0-B080-44FB3F509068}.Release|iPhone.ActiveCfg = Release|Any CPU
		{986D470C-B23A-4EA0-B080-44FB3F509068}.Release|iPhone.Build.0 = Release|Any CPU
		{986D470C-B23A-4EA0-B080-44FB3F509068}.Release|iPhone.Deploy.0 = Release|Any CPU
		{986D470C-B23A-4EA0-B080-44FB3F509068}.Release|iPhoneSimulator.ActiveCfg = Release|Any CPU
		{986D470C-B23A-4EA0-B080-44FB3F509068}.Release|iPhoneSimulator.Build.0 = Release|Any CPU
		{986D470C-B23A-4EA0-B080-44FB3F509068}.Release|iPhoneSimulator.Deploy.0 = Release|Any CPU
		{16837294-348A-4535-9098-DAD88EA57D40}.Ad-Hoc|Any CPU.ActiveCfg = Ad-Hoc|iPhone
		{16837294-348A-4535-9098-DAD88EA57D40}.Ad-Hoc|iPhone.ActiveCfg = Ad-Hoc|iPhone
		{16837294-348A-4535-9098-DAD88EA57D40}.Ad-Hoc|iPhone.Build.0 = Ad-Hoc|iPhone
		{16837294-348A-4535-9098-DAD88EA57D40}.Ad-Hoc|iPhoneSimulator.ActiveCfg = Ad-Hoc|iPhoneSimulator
		{16837294-348A-4535-9098-DAD88EA57D40}.Ad-Hoc|iPhoneSimulator.Build.0 = Ad-Hoc|iPhoneSimulator
		{16837294-348A-4535-9098-DAD88EA57D40}.AppStore|Any CPU.ActiveCfg = AppStore|iPhone
		{16837294-348A-4535-9098-DAD88EA57D40}.AppStore|iPhone.ActiveCfg = AppStore|iPhone
		{16837294-348A-4535-9098-DAD88EA57D40}.AppStore|iPhone.Build.0 = AppStore|iPhone
		{16837294-348A-4535-9098-DAD88EA57D40}.AppStore|iPhoneSimulator.ActiveCfg = AppStore|iPhoneSimulator
		{16837294-348A-4535-9098-DAD88EA57D40}.AppStore|iPhoneSimulator.Build.0 = AppStore|iPhoneSimulator
		{16837294-348A-4535-9098-DAD88EA57D40}.Debug|Any CPU.ActiveCfg = Debug|iPhone
		{16837294-348A-4535-9098-DAD88EA57D40}.Debug|iPhone.ActiveCfg = Debug|iPhone
		{16837294-348A-4535-9098-DAD88EA57D40}.Debug|iPhone.Build.0 = Debug|iPhone
		{16837294-348A-4535-9098-DAD88EA57D40}.Debug|iPhoneSimulator.ActiveCfg = Debug|iPhoneSimulator
		{16837294-348A-4535-9098-DAD88EA57D40}.Debug|iPhoneSimulator.Build.0 = Debug|iPhoneSimulator
		{16837294-348A-4535-9098-DAD88EA57D40}.Release|Any CPU.ActiveCfg = Release|iPhone
		{16837294-348A-4535-9098-DAD88EA57D40}.Release|iPhone.ActiveCfg = Release|iPhone
		{16837294-348A-4535-9098-DAD88EA57D40}.Release|iPhone.Build.0 = Release|iPhone
		{16837294-348A-4535-9098-DAD88EA57D40}.Release|iPhoneSimulator.ActiveCfg = Release|iPhoneSimulator
		{16837294-348A-4535-9098-DAD88EA57D40}.Release|iPhoneSimulator.Build.0 = Release|iPhoneSimulator
	EndGlobalSection
	GlobalSection(SolutionProperties) = preSolution
		HideSolutionNode = FALSE
	EndGlobalSection
	GlobalSection(ExtensibilityGlobals) = postSolution
		SolutionGuid = {B8A1799B-8271-46DA-AA78-269860E4278B}
	EndGlobalSection
EndGlobal
